
Microsoft Visual Studio Solution File, Format Version 12.00
# Visual Studio Version 16
VisualStudioVersion = 16.0.29709.97
MinimumVisualStudioVersion = 10.0.40219.1
Project("{FAE04EC0-301F-11D3-BF4B-00C04F79EFBC}") = "BDSapataria", "BDSapataria\BDSapataria.csproj", "{5AC5C7CE-4132-4937-BD16-D9A8A700482A}"
EndProject
Global
	GlobalSection(SolutionConfigurationPlatforms) = preSolution
		Debug|Any CPU = Debug|Any CPU
		Release|Any CPU = Release|Any CPU
	EndGlobalSection
	GlobalSection(ProjectConfigurationPlatforms) = postSolution
		{5AC5C7CE-4132-4937-BD16-D9A8A700482A}.Debug|Any CPU.ActiveCfg = Debug|Any CPU
		{5AC5C7CE-4132-4937-BD16-D9A8A700482A}.Debug|Any CPU.Build.0 = Debug|Any CPU
		{5AC5C7CE-4132-4937-BD16-D9A8A700482A}.Release|Any CPU.ActiveCfg = Release|Any CPU
		{5AC5C7CE-4132-4937-BD16-D9A8A700482A}.Release|Any CPU.Build.0 = Release|Any CPU
	EndGlobalSection
	GlobalSection(SolutionProperties) = preSolution
		HideSolutionNode = FALSE
	EndGlobalSection
	GlobalSection(ExtensibilityGlobals) = postSolution
		SolutionGuid = {350E83C3-AE01-4154-B5C6-788180B7A037}
	EndGlobalSection
EndGlobal
